github.com/google/pprof v0.0.0-20230811205829-9131a7e9cc17 h1:0h35ESZ02+hN/MFZb7XZOXg+Rl9+Rk8fBIf5YLws9gA=
github.com/google/pprof v0.0.0-20230811205829-9131a7e9cc17/go.mod h1:Jh3hGz2jkYak8qXPD19ryItVnUgpgeqzdkY/D0EaeuA=
github.com/google/uuid v1.6.0 h1:NIvaJDMOsjHA8n1jAhLSgzrAzy1Hgr+hNrb57e+94F0=
github.com/google/uuid v1.6.0/go.mod h1:TIyPZe4MgqvfeYDBFedMoGGpEw/LqOeaOT+nhxU+yHo=
github.com/ianlancetaylor/demangle v0.0.0-20230524184225-eabc099b10ab h1:BA4a7pe6ZTd9F8kXETBoijjFJ/ntaa//1wiH9BZu4zU=
github.com/ianlancetaylor/demangle v0.0.0-20230524184225-eabc099b10ab/go.mod h1:gx7rwoVhcfuVKG5uya9Hs3Sxj7EIvldVofAWIUtGouw=
