github.com/google/pprof v0.0.0-20240528025155-186aa0362fba h1:ql1qNgCyOB7iAEk8JTNM+zJrgIbnyCKX/wdlyPufP5g=
github.com/google/pprof v0.0.0-20240528025155-186aa0362fba/go.mod h1:K1liHPHnj73Fdn/EKuT8nrFqBihUSKXoLYU0BuatOYo=
github.com/google/uuid v1.6.0 h1:NIvaJDMOsjHA8n1jAhLSgzrAzy1Hgr+hNrb57e+94F0=
github.com/google/uuid v1.6.0/go.mod h1:TIyPZe4MgqvfeYDBFedMoGGpEw/LqOeaOT+nhxU+yHo=
github.com/ianlancetaylor/demangle v0.0.0-20240312041847-bd984b5ce465 h1:KwWnWVWCNtNq/ewIX7HIKnELmEx2nDP42yskD/pi7QE=
github.com/ianlancetaylor/demangle v0.0.0-20240312041847-bd984b5ce465/go.mod h1:gx7rwoVhcfuVKG5uya9Hs3Sxj7EIvldVofAWIUtGouw=
